// !$*UTF8*$!
{
	archiveVersion = 1;
	classes = {
	};
	objectVersion = 51;
	objects = {

/* Begin PBXBuildFile section */
		45AC16C725095CE90008F0D1 /* AppDelegate.swift in Sources */ = {isa = PBXBuildFile; fileRef = 45AC16C625095CE90008F0D1 /* AppDelegate.swift */; };
		45AC16C925095CE90008F0D1 /* SceneDelegate.swift in Sources */ = {isa = PBXBuildFile; fileRef = 45AC16C825095CE90008F0D1 /* SceneDelegate.swift */; };
		45AC16CB25095CE90008F0D1 /* ViewController.swift in Sources */ = {isa = PBXBuildFile; fileRef = 45AC16CA25095CE90008F0D1 /* ViewController.swift */; };
		45AC16CE25095CE90008F0D1 /* Main.storyboard in Resources */ = {isa = PBXBuildFile; fileRef = 45AC16CC25095CE90008F0D1 /* Main.storyboard */; };
		45AC16D025095CEE0008F0D1 /* Assets.xcassets in Resources */ = {isa = PBXBuildFile; fileRef = 45AC16CF25095CEE0008F0D1 /* Assets.xcassets */; };
		45AC16D325095CEE0008F0D1 /* LaunchScreen.storyboard in Resources */ = {isa = PBXBuildFile; fileRef = 45AC16D125095CEE0008F0D1 /* LaunchScreen.storyboard */; };
		45AC16DB25095D1B0008F0D1 /* CustomButton.swift in Sources */ = {isa = PBXBuildFile; fileRef = 45AC16DA25095D1B0008F0D1 /* CustomButton.swift */; };
		45AC16DD250A8D070008F0D1 /* SearchViewController.swift in Sources */ = {isa = PBXBuildFile; fileRef = 45AC16DC250A8D070008F0D1 /* SearchViewController.swift */; };
		B50C3A8E2FFC337AF6EBC51C /* Pods_WeatherApp_Simple.framework in Frameworks */ = {isa = PBXBuildFile; fileRef = 2518BCBC7961A35B5EDF494D /* Pods_WeatherApp_Simple.framework */; };
/* End PBXBuildFile section */

/* Begin PBXFileReference section */
		2518BCBC7961A35B5EDF494D /* Pods_WeatherApp_Simple.framework */ = {isa = PBXFileReference; explicitFileType = wrapper.framework; includeInIndex = 0; path = Pods_WeatherApp_Simple.framework; sourceTree = BUILT_PRODUCTS_DIR; };
		30461DA4955E44CA6D6866A0 /* Pods-WeatherApp_Simple.release.xcconfig */ = {isa = PBXFileReference; includeInIndex = 1; lastKnownFileType = text.xcconfig; name = "Pods-WeatherApp_Simple.release.xcconfig"; path = "Target Support Files/Pods-WeatherApp_Simple/Pods-WeatherApp_Simple.release.xcconfig"; sourceTree = "<group>"; };
		45AC16C325095CE90008F0D1 /* WeatherApp_Simple.app */ = {isa = PBXFileReference; explicitFileType = wrapper.application; includeInIndex = 0; path = WeatherApp_Simple.app; sourceTree = BUILT_PRODUCTS_DIR; };
		45AC16C625095CE90008F0D1 /* AppDelegate.swift */ = {isa = PBXFileReference; lastKnownFileType = sourcecode.swift; path = AppDelegate.swift; sourceTree = "<group>"; };
		45AC16C825095CE90008F0D1 /* SceneDelegate.swift */ = {isa = PBXFileReference; lastKnownFileType = sourcecode.swift; path = SceneDelegate.swift; sourceTree = "<group>"; };
		45AC16CA25095CE90008F0D1 /* ViewController.swift */ = {isa = PBXFileReference; lastKnownFileType = sourcecode.swift; path = ViewController.swift; sourceTree = "<group>"; };
		45AC16CD25095CE90008F0D1 /* Base */ = {isa = PBXFileReference; lastKnownFileType = file.storyboard; name = Base; path = Base.lproj/Main.storyboard; sourceTree = "<group>"; };
		45AC16CF25095CEE0008F0D1 /* Assets.xcassets */ = {isa = PBXFileReference; lastKnownFileType = folder.assetcatalog; path = Assets.xcassets; sourceTree = "<group>"; };
		45AC16D225095CEE0008F0D1 /* Base */ = {isa = PBXFileReference; lastKnownFileType = file.storyboard; name = Base; path = Base.lproj/LaunchScreen.storyboard; sourceTree = "<group>"; };
		45AC16D425095CEE0008F0D1 /* Info.plist */ = {isa = PBXFileReference; lastKnownFileType = text.plist.xml; path = Info.plist; sourceTree = "<group>"; };
		45AC16DA25095D1B0008F0D1 /* CustomButton.swift */ = {isa = PBXFileReference; lastKnownFileType = sourcecode.swift; path = CustomButton.swift; sourceTree = "<group>"; };
		45AC16DC250A8D070008F0D1 /* SearchViewController.swift */ = {isa = PBXFileReference; lastKnownFileType = sourcecode.swift; path = SearchViewController.swift; sourceTree = "<group>"; };
		FDA5ED6369709053749D6B11 /* Pods-WeatherApp_Simple.debug.xcconfig */ = {isa = PBXFileReference; includeInIndex = 1; lastKnownFileType = text.xcconfig; name = "Pods-WeatherApp_Simple.debug.xcconfig"; path = "Target Support Files/Pods-WeatherApp_Simple/Pods-WeatherApp_Simple.debug.xcconfig"; sourceTree = "<group>"; };
/* End PBXFileReference section */

/* Begin PBXFrameworksBuildPhase section */
		45AC16C025095CE90008F0D1 /* Frameworks */ = {
			isa = PBXFrameworksBuildPhase;
			buildActionMask = 2147483647;
			files = (
				B50C3A8E2FFC337AF6EBC51C /* Pods_WeatherApp_Simple.framework in Frameworks */,
			);
			runOnlyForDeploymentPostprocessing = 0;
		};
/* End PBXFrameworksBuildPhase section */

/* Begin PBXGroup section */
		043B09B8369A7EAD1FBE8908 /* Frameworks */ = {
			isa = PBXGroup;
			children = (
				2518BCBC7961A35B5EDF494D /* Pods_WeatherApp_Simple.framework */,
			);
			name = Frameworks;
			sourceTree = "<group>";
		};
		45AC16BA25095CE90008F0D1 = {
			isa = PBXGroup;
			children = (
				45AC16C525095CE90008F0D1 /* WeatherApp_Simple */,
				45AC16C425095CE90008F0D1 /* Products */,
				A57B7D4F8FCC7051B58E6FB8 /* Pods */,
				043B09B8369A7EAD1FBE8908 /* Frameworks */,
			);
			sourceTree = "<group>";
		};
		45AC16C425095CE90008F0D1 /* Products */ = {
			isa = PBXGroup;
			children = (
				45AC16C325095CE90008F0D1 /* WeatherApp_Simple.app */,
			);
			name = Products;
			sourceTree = "<group>";
		};
		45AC16C525095CE90008F0D1 /* WeatherApp_Simple */ = {
			isa = PBXGroup;
			children = (
				45AC16C625095CE90008F0D1 /* AppDelegate.swift */,
				45AC16C825095CE90008F0D1 /* SceneDelegate.swift */,
				45AC16CA25095CE90008F0D1 /* ViewController.swift */,
				45AC16CC25095CE90008F0D1 /* Main.storyboard */,
				45AC16DC250A8D070008F0D1 /* SearchViewController.swift */,
				45AC16DA25095D1B0008F0D1 /* CustomButton.swift */,
				45AC16CF25095CEE0008F0D1 /* Assets.xcassets */,
				45AC16D125095CEE0008F0D1 /* LaunchScreen.storyboard */,
				45AC16D425095CEE0008F0D1 /* Info.plist */,
			);
			path = WeatherApp_Simple;
			sourceTree = "<group>";
		};
		A57B7D4F8FCC7051B58E6FB8 /* Pods */ = {
			isa = PBXGroup;
			children = (
				FDA5ED6369709053749D6B11 /* Pods-WeatherApp_Simple.debug.xcconfig */,
				30461DA4955E44CA6D6866A0 /* Pods-WeatherApp_Simple.release.xcconfig */,
			);
			path = Pods;
			sourceTree = "<group>";
		};
/* End PBXGroup section */

/* Begin PBXNativeTarget section */
		45AC16C225095CE90008F0D1 /* WeatherApp_Simple */ = {
			isa = PBXNativeTarget;
			buildConfigurationList = 45AC16D725095CEE0008F0D1 /* Build configuration list for PBXNativeTarget "WeatherApp_Simple" */;
			buildPhases = (
				28AE83A1479FF4C6836F84E8 /* [CP] Check Pods Manifest.lock */,
				45AC16BF25095CE90008F0D1 /* Sources */,
				45AC16C025095CE90008F0D1 /* Frameworks */,
				45AC16C125095CE90008F0D1 /* Resources */,
				E8DC5A073E743E290E439373 /* [CP] Copy Pods Resources */,
			);
			buildRules = (
			);
			dependencies = (
			);
			name = WeatherApp_Simple;
			productName = WeatherApp_Simple;
			productReference = 45AC16C325095CE90008F0D1 /* WeatherApp_Simple.app */;
			productType = "com.apple.product-type.application";
		};
/* End PBXNativeTarget section */

/* Begin PBXProject section */
		45AC16BB25095CE90008F0D1 /* Project object */ = {
			isa = PBXProject;
			attributes = {
				LastSwiftUpdateCheck = 1140;
				LastUpgradeCheck = 1140;
				ORGANIZATIONNAME = "Taras Motruk";
				TargetAttributes = {
					45AC16C225095CE90008F0D1 = {
						CreatedOnToolsVersion = 11.4;
					};
				};
			};
			buildConfigurationList = 45AC16BE25095CE90008F0D1 /* Build configuration list for PBXProject "WeatherApp_Simple" */;
			compatibilityVersion = "Xcode 9.3";
			developmentRegion = en;
			hasScannedForEncodings = 0;
			knownRegions = (
				en,
				Base,
			);
			mainGroup = 45AC16BA25095CE90008F0D1;
			productRefGroup = 45AC16C425095CE90008F0D1 /* Products */;
			projectDirPath = "";
			projectRoot = "";
			targets = (
				45AC16C225095CE90008F0D1 /* WeatherApp_Simple */,
			);
		};
/* End PBXProject section */

/* Begin PBXResourcesBuildPhase section */
		45AC16C125095CE90008F0D1 /* Resources */ = {
			isa = PBXResourcesBuildPhase;
			buildActionMask = 2147483647;
			files = (
				45AC16D325095CEE0008F0D1 /* LaunchScreen.storyboard in Resources */,
				45AC16D025095CEE0008F0D1 /* Assets.xcassets in Resources */,
				45AC16CE25095CE90008F0D1 /* Main.storyboard in Resources */,
			);
			runOnlyForDeploymentPostprocessing = 0;
		};
/* End PBXResourcesBuildPhase section */

/* Begin PBXShellScriptBuildPhase section */
		28AE83A1479FF4C6836F84E8 /* [CP] Check Pods Manifest.lock */ = {
			isa = PBXShellScriptBuildPhase;
			buildActionMask = 2147483647;
			files = (
			);
			inputFileListPaths = (
			);
			inputPaths = (
				"${PODS_PODFILE_DIR_PATH}/Podfile.lock",
				"${PODS_ROOT}/Manifest.lock",
			);
			name = "[CP] Check Pods Manifest.lock";
			outputFileListPaths = (
			);
			outputPaths = (
				"$(DERIVED_FILE_DIR)/Pods-WeatherApp_Simple-checkManifestLockResult.txt",
			);
			runOnlyForDeploymentPostprocessing = 0;
			shellPath = /bin/sh;
			shellScript = "diff \"${PODS_PODFILE_DIR_PATH}/Podfile.lock\" \"${PODS_ROOT}/Manifest.lock\" > /dev/null\nif [ $? != 0 ] ; then\n    # print error to STDERR\n    echo \"error: The sandbox is not in sync with the Podfile.lock. Run 'pod install' or update your CocoaPods installation.\" >&2\n    exit 1\nfi\n# This output is used by Xcode 'outputs' to avoid re-running this script phase.\necho \"SUCCESS\" > \"${SCRIPT_OUTPUT_FILE_0}\"\n";
			showEnvVarsInLog = 0;
		};
		E8DC5A073E743E290E439373 /* [CP] Copy Pods Resources */ = {
			isa = PBXShellScriptBuildPhase;
			buildActionMask = 2147483647;
			files = (
			);
			inputFileListPaths = (
				"${PODS_ROOT}/Target Support Files/Pods-WeatherApp_Simple/Pods-WeatherApp_Simple-resources-${CONFIGURATION}-input-files.xcfilelist",
			);
			name = "[CP] Copy Pods Resources";
			outputFileListPaths = (
				"${PODS_ROOT}/Target Support Files/Pods-WeatherApp_Simple/Pods-WeatherApp_Simple-resources-${CONFIGURATION}-output-files.xcfilelist",
			);
			runOnlyForDeploymentPostprocessing = 0;
			shellPath = /bin/sh;
			shellScript = "\"${PODS_ROOT}/Target Support Files/Pods-WeatherApp_Simple/Pods-WeatherApp_Simple-resources.sh\"\n";
			showEnvVarsInLog = 0;
		};
/* End PBXShellScriptBuildPhase section */

/* Begin PBXSourcesBuildPhase section */
		45AC16BF25095CE90008F0D1 /* Sources */ = {
			isa = PBXSourcesBuildPhase;
			buildActionMask = 2147483647;
			files = (
				45AC16DD250A8D070008F0D1 /* SearchViewController.swift in Sources */,
				45AC16DB25095D1B0008F0D1 /* CustomButton.swift in Sources */,
				45AC16CB25095CE90008F0D1 /* ViewController.swift in Sources */,
				45AC16C725095CE90008F0D1 /* AppDelegate.swift in Sources */,
				45AC16C925095CE90008F0D1 /* SceneDelegate.swift in Sources */,
			);
			runOnlyForDeploymentPostprocessing = 0;
		};
/* End PBXSourcesBuildPhase section */

/* Begin PBXVariantGroup section */
		45AC16CC25095CE90008F0D1 /* Main.storyboard */ = {
			isa = PBXVariantGroup;
			children = (
				45AC16CD25095CE90008F0D1 /* Base */,
			);
			name = Main.storyboard;
			sourceTree = "<group>";
		};
		45AC16D125095CEE0008F0D1 /* LaunchScreen.storyboard */ = {
			isa = PBXVariantGroup;
			children = (
				45AC16D225095CEE0008F0D1 /* Base */,
			);
			name = LaunchScreen.storyboard;
			sourceTree = "<group>";
		};
/* End PBXVariantGroup section */

/* Begin XCBuildConfiguration section */
		45AC16D525095CEE0008F0D1 /* Debug */ = {
			isa = XCBuildConfiguration;
			buildSettings = {
				ALWAYS_SEARCH_USER_PATHS = NO;
				CLANG_ANALYZER_NONNULL = YES;
				CLANG_ANALYZER_NUMBER_OBJECT_CONVERSION = YES_AGGRESSIVE;
				CLANG_CXX_LANGUAGE_STANDARD = "gnu++14";
				CLANG_CXX_LIBRARY = "libc++";
				CLANG_ENABLE_MODULES = YES;
				CLANG_ENABLE_OBJC_ARC = YES;
				CLANG_ENABLE_OBJC_WEAK = YES;
				CLANG_WARN_BLOCK_CAPTURE_AUTORELEASING = YES;
				CLANG_WARN_BOOL_CONVERSION = YES;
				CLANG_WARN_COMMA = YES;
				CLANG_WARN_CONSTANT_CONVERSION = YES;
				CLANG_WARN_DEPRECATED_OBJC_IMPLEMENTATIONS = YES;
				CLANG_WARN_DIRECT_OBJC_ISA_USAGE = YES_ERROR;
				CLANG_WARN_DOCUMENTATION_COMMENTS = YES;
				CLANG_WARN_EMPTY_BODY = YES;
				CLANG_WARN_ENUM_CONVERSION = YES;
				CLANG_WARN_INFINITE_RECURSION = YES;
				CLANG_WARN_INT_CONVERSION = YES;
				CLANG_WARN_NON_LITERAL_NULL_CONVERSION = YES;
				CLANG_WARN_OBJC_IMPLICIT_RETAIN_SELF = YES;
				CLANG_WARN_OBJC_LITERAL_CONVERSION = YES;
				CLANG_WARN_OBJC_ROOT_CLASS = YES_ERROR;
				CLANG_WARN_RANGE_LOOP_ANALYSIS = YES;
				CLANG_WARN_STRICT_PROTOTYPES = YES;
				CLANG_WARN_SUSPICIOUS_MOVE = YES;
				CLANG_WARN_UNGUARDED_AVAILABILITY = YES_AGGRESSIVE;
				CLANG_WARN_UNREACHABLE_CODE = YES;
				CLANG_WARN__DUPLICATE_METHOD_MATCH = YES;
				COPY_PHASE_STRIP = NO;
				DEBUG_INFORMATION_FORMAT = dwarf;
				ENABLE_STRICT_OBJC_MSGSEND = YES;
				ENABLE_TESTABILITY = YES;
				GCC_C_LANGUAGE_STANDARD = gnu11;
				GCC_DYNAMIC_NO_PIC = NO;
				GCC_NO_COMMON_BLOCKS = YES;
				GCC_OPTIMIZATION_LEVEL = 0;
				GCC_PREPROCESSOR_DEFINITIONS = (
					"DEBUG=1",
					"$(inherited)",
				);
				GCC_WARN_64_TO_32_BIT_CONVERSION = YES;
				GCC_WARN_ABOUT_RETURN_TYPE = YES_ERROR;
				GCC_WARN_UNDECLARED_SELECTOR = YES;
				GCC_WARN_UNINITIALIZED_AUTOS = YES_AGGRESSIVE;
				GCC_WARN_UNUSED_FUNCTION = YES;
				GCC_WARN_UNUSED_VARIABLE = YES;
				IPHONEOS_DEPLOYMENT_TARGET = 13.4;
				MTL_ENABLE_DEBUG_INFO = INCLUDE_SOURCE;
				MTL_FAST_MATH = YES;
				ONLY_ACTIVE_ARCH = YES;
				SDKROOT = iphoneos;
				SWIFT_ACTIVE_COMPILATION_CONDITIONS = DEBUG;
				SWIFT_OPTIMIZATION_LEVEL = "-Onone";
			};
			name = Debug;
		};
		45AC16D625095CEE0008F0D1 /* Release */ = {
			isa = XCBuildConfiguration;
			buildSettings = {
				ALWAYS_SEARCH_USER_PATHS = NO;
				CLANG_ANALYZER_NONNULL = YES;
				CLANG_ANALYZER_NUMBER_OBJECT_CONVERSION = YES_AGGRESSIVE;
				CLANG_CXX_LANGUAGE_STANDARD = "gnu++14";
				CLANG_CXX_LIBRARY = "libc++";
				CLANG_ENABLE_MODULES = YES;
				CLANG_ENABLE_OBJC_ARC = YES;
				CLANG_ENABLE_OBJC_WEAK = YES;
				CLANG_WARN_BLOCK_CAPTURE_AUTORELEASING = YES;
				CLANG_WARN_BOOL_CONVERSION = YES;
				CLANG_WARN_COMMA = YES;
				CLANG_WARN_CONSTANT_CONVERSION = YES;
				CLANG_WARN_DEPRECATED_OBJC_IMPLEMENTATIONS = YES;
				CLANG_WARN_DIRECT_OBJC_ISA_USAGE = YES_ERROR;
				CLANG_WARN_DOCUMENTATION_COMMENTS = YES;
				CLANG_WARN_EMPTY_BODY = YES;
				CLANG_WARN_ENUM_CONVERSION = YES;
				CLANG_WARN_INFINITE_RECURSION = YES;
				CLANG_WARN_INT_CONVERSION = YES;
				CLANG_WARN_NON_LITERAL_NULL_CONVERSION = YES;
				CLANG_WARN_OBJC_IMPLICIT_RETAIN_SELF = YES;
				CLANG_WARN_OBJC_LITERAL_CONVERSION = YES;
				CLANG_WARN_OBJC_ROOT_CLASS = YES_ERROR;
				CLANG_WARN_RANGE_LOOP_ANALYSIS = YES;
				CLANG_WARN_STRICT_PROTOTYPES = YES;
				CLANG_WARN_SUSPICIOUS_MOVE = YES;
				CLANG_WARN_UNGUARDED_AVAILABILITY = YES_AGGRESSIVE;
				CLANG_WARN_UNREACHABLE_CODE = YES;
				CLANG_WARN__DUPLICATE_METHOD_MATCH = YES;
				COPY_PHASE_STRIP = NO;
				DEBUG_INFORMATION_FORMAT = "dwarf-with-dsym";
				ENABLE_NS_ASSERTIONS = NO;
				ENABLE_STRICT_OBJC_MSGSEND = YES;
				GCC_C_LANGUAGE_STANDARD = gnu11;
				GCC_NO_COMMON_BLOCKS = YES;
				GCC_WARN_64_TO_32_BIT_CONVERSION = YES;
				GCC_WARN_ABOUT_RETURN_TYPE = YES_ERROR;
				GCC_WARN_UNDECLARED_SELECTOR = YES;
				GCC_WARN_UNINITIALIZED_AUTOS = YES_AGGRESSIVE;
				GCC_WARN_UNUSED_FUNCTION = YES;
				GCC_WARN_UNUSED_VARIABLE = YES;
				IPHONEOS_DEPLOYMENT_TARGET = 13.4;
				MTL_ENABLE_DEBUG_INFO = NO;
				MTL_FAST_MATH = YES;
				SDKROOT = iphoneos;
				SWIFT_COMPILATION_MODE = wholemodule;
				SWIFT_OPTIMIZATION_LEVEL = "-O";
				VALIDATE_PRODUCT = YES;
			};
			name = Release;
		};
		45AC16D825095CEE0008F0D1 /* Debug */ = {
			isa = XCBuildConfiguration;
			baseConfigurationReference = FDA5ED6369709053749D6B11 /* Pods-WeatherApp_Simple.debug.xcconfig */;
			buildSettings = {
				ASSETCATALOG_COMPILER_APPICON_NAME = AppIcon;
				CODE_SIGN_STYLE = Automatic;
				DEVELOPMENT_TEAM = 7YV6V8HGN2;
				INFOPLIST_FILE = WeatherApp_Simple/Info.plist;
				LD_RUNPATH_SEARCH_PATHS = (
					"$(inherited)",
					"@executable_path/Frameworks",
				);
				PRODUCT_BUNDLE_IDENTIFIER = "com.tarasmotruk.WeatherApp-Simple";
				PRODUCT_NAME = "$(TARGET_NAME)";
				SWIFT_VERSION = 5.0;
				TARGETED_DEVICE_FAMILY = "1,2";
			};
			name = Debug;
		};
		45AC16D925095CEE0008F0D1 /* Release */ = {
			isa = XCBuildConfiguration;
			baseConfigurationReference = 30461DA4955E44CA6D6866A0 /* Pods-WeatherApp_Simple.release.xcconfig */;
			buildSettings = {
				ASSETCATALOG_COMPILER_APPICON_NAME = AppIcon;
				CODE_SIGN_STYLE = Automatic;
				DEVELOPMENT_TEAM = 7YV6V8HGN2;
				INFOPLIST_FILE = WeatherApp_Simple/Info.plist;
				LD_RUNPATH_SEARCH_PATHS = (
					"$(inherited)",
					"@executable_path/Frameworks",
				);
				PRODUCT_BUNDLE_IDENTIFIER = "com.tarasmotruk.WeatherApp-Simple";
				PRODUCT_NAME = "$(TARGET_NAME)";
				SWIFT_VERSION = 5.0;
				TARGETED_DEVICE_FAMILY = "1,2";
			};
			name = Release;
		};
/* End XCBuildConfiguration section */

/* Begin XCConfigurationList section */
		45AC16BE25095CE90008F0D1 /* Build configuration list for PBXProject "WeatherApp_Simple" */ = {
			isa = XCConfigurationList;
			buildConfigurations = (
				45AC16D525095CEE0008F0D1 /* Debug */,
				45AC16D625095CEE0008F0D1 /* Release */,
			);
			defaultConfigurationIsVisible = 0;
			defaultConfigurationName = Release;
		};
		45AC16D725095CEE0008F0D1 /* Build configuration list for PBXNativeTarget "WeatherApp_Simple" */ = {
			isa = XCConfigurationList;
			buildConfigurations = (
				45AC16D825095CEE0008F0D1 /* Debug */,
				45AC16D925095CEE0008F0D1 /* Release */,
			);
			defaultConfigurationIsVisible = 0;
			defaultConfigurationName = Release;
		};
/* End XCConfigurationList section */
	};
	rootObject = 45AC16BB25095CE90008F0D1 /* Project object */;
}
